{
  "version": 4,
  "terraform_version": "1.14.9",
  "serial": 25,
  "lineage": "5571b904-7bd1-cfc9-88a2-cf651f07e9dc",
  "outputs": {
    "dlq_url": {
      "value": "https://sqs.us-east-1.amazonaws.com/881010748564/automotive-copilot-ingestion-dlq",
      "type": "string"
    },
    "kms_key_arn": {
      "value": "arn:aws:kms:us-east-1:881010748564:key/59572cd0-cbaf-49cc-8de7-21de41d56c19",
      "type": "string"
    },
    "lambda_function_name": {
      "value": "automotive-copilot-pdf-ingestor",
      "type": "string"
    },
    "s3_bucket_arn": {
      "value": "arn:aws:s3:::automotive-copilot-vehicle-docs-dev",
      "type": "string"
    },
    "s3_bucket_name": {
      "value": "automotive-copilot-vehicle-docs-dev",
      "type": "string"
    },
    "snowflake_s3_role_arn": {
      "value": "arn:aws:iam::881010748564:role/automotive-copilot-snowflake-s3-role",
      "type": "string"
    }
  },
  "resources": [
    {
      "mode": "data",
      "type": "archive_file",
      "name": "lambda_zip",
      "provider": "provider[\"registry.terraform.io/hashicorp/archive\"]",
      "instances": [
        {
          "schema_version": 0,
          "attributes": {
            "exclude_symlink_directories": null,
            "excludes": null,
            "id": "476c278390b0ddc122f22ff522fa5be58ab5a334",
            "output_base64sha256": "6k6paJ+edRTOpJdmeDJupDhNLibjoWZkkCwl7ZFjIsA=",
            "output_base64sha512": "gYSSRfCgh+JltL3LvGE5dxk99HeqU2l6Li+hvx/OjpWmPLi5Z2qup7QIlctZPIIWseXzWPSlMyqVC2EqNb6B9A==",
            "output_file_mode": null,
            "output_md5": "7cce2f470080d8943caa79f372030b11",
            "output_path": "./.build/lambda.zip",
            "output_sha": "476c278390b0ddc122f22ff522fa5be58ab5a334",
            "output_sha256": "ea4ea9689f9e7514cea4976678326ea4384d2e26e3a16664902c25ed916322c0",
            "output_sha512": "81849245f0a087e265b4bdcbbc613977193df477aa53697a2e2fa1bf1fce8e95a63cb8b9676aaea7b40895cb593c8216b1e5f358f4a5332a950b612a35be81f4",
            "output_size": 2278,
            "source": [],
            "source_content": null,
            "source_content_filename": null,
            "source_dir": "./lambda",
            "source_file": null,
            "type": "zip"
          },
          "sensitive_attributes": [],
          "identity_schema_version": 0
        }
      ]
    },
    {
      "mode": "managed",
      "type": "aws_iam_role",
      "name": "lambda_exec",
      "provider": "provider[\"registry.terraform.io/hashicorp/aws\"]",
      "instances": [
        {
          "schema_version": 0,
          "attributes": {
            "arn": "arn:aws:iam::881010748564:role/automotive-copilot-lambda-exec-role",
            "assume_role_policy": "{\"Statement\":[{\"Action\":\"sts:AssumeRole\",\"Effect\":\"Allow\",\"Principal\":{\"Service\":\"lambda.amazonaws.com\"}}],\"Version\":\"2012-10-17\"}",
            "create_date": "2026-04-23T04:31:00Z",
            "description": "",
            "force_detach_policies": false,
            "id": "automotive-copilot-lambda-exec-role",
            "inline_policy": [
              {
                "name": "automotive-copilot-lambda-permissions",
                "policy": "{\"Version\":\"2012-10-17\",\"Statement\":[{\"Action\":[\"s3:GetObject\",\"s3:ListBucket\"],\"Effect\":\"Allow\",\"Resource\":[\"arn:aws:s3:::automotive-copilot-vehicle-docs-dev\",\"arn:aws:s3:::automotive-copilot-vehicle-docs-dev/*\"],\"Sid\":\"S3ReadAccess\"},{\"Action\":[\"kms:Decrypt\",\"kms:GenerateDataKey\"],\"Effect\":\"Allow\",\"Resource\":[\"arn:aws:kms:us-east-1:881010748564:key/59572cd0-cbaf-49cc-8de7-21de41d56c19\"],\"Sid\":\"KMSDecrypt\"},{\"Action\":[\"secretsmanager:GetSecretValue\"],\"Effect\":\"Allow\",\"Resource\":[\"arn:aws:secretsmanager:us-east-1:881010748564:secret:automotive-copilot/snowflake-credentials-CFi07O\"],\"Sid\":\"SecretsManagerRead\"},{\"Action\":[\"logs:CreateLogGroup\",\"logs:CreateLogStream\",\"logs:PutLogEvents\"],\"Effect\":\"Allow\",\"Resource\":\"arn:aws:logs:*:*:*\",\"Sid\":\"CloudWatchLogs\"},{\"Action\":[\"sqs:SendMessage\"],\"Effect\":\"Allow\",\"Resource\":[\"arn:aws:sqs:us-east-1:881010748564:automotive-copilot-ingestion-dlq\"],\"Sid\":\"DLQWrite\"}]}"
              }
            ],
            "managed_policy_arns": [],
            "max_session_duration": 3600,
            "name": "automotive-copilot-lambda-exec-role",
            "name_prefix": "",
            "path": "/",
            "permissions_boundary": "",
            "tags": {},
            "tags_all": {
              "Environment": "dev",
              "ManagedBy": "terraform",
              "Owner": "padma.k.kpr@gmail.com",
              "Project": "automotive-copilot"
            },
            "unique_id": "AROA42ICVFSKCBKXBOOE2"
          },
          "sensitive_attributes": [],
          "identity_schema_version": 0,
          "private": "bnVsbA=="
        }
      ]
    },
    {
      "mode": "managed",
      "type": "aws_iam_role",
      "name": "snowflake_s3_access",
      "provider": "provider[\"registry.terraform.io/hashicorp/aws\"]",
      "instances": [
        {
          "schema_version": 0,
          "attributes": {
            "arn": "arn:aws:iam::881010748564:role/automotive-copilot-snowflake-s3-role",
            "assume_role_policy": "{\"Statement\":[{\"Action\":\"sts:AssumeRole\",\"Condition\":{\"StringEquals\":{\"sts:ExternalId\":\"placeholder\"}},\"Effect\":\"Allow\",\"Principal\":{\"AWS\":\"arn:aws:iam::881010748564:root\"}}],\"Version\":\"2012-10-17\"}",
            "create_date": "2026-04-23T04:35:03Z",
            "description": "",
            "force_detach_policies": false,
            "id": "automotive-copilot-snowflake-s3-role",
            "inline_policy": [],
            "managed_policy_arns": [],
            "max_session_duration": 3600,
            "name": "automotive-copilot-snowflake-s3-role",
            "name_prefix": "",
            "path": "/",
            "permissions_boundary": "",
            "tags": null,
            "tags_all": {
              "Environment": "dev",
              "ManagedBy": "terraform",
              "Owner": "padma.k.kpr@gmail.com",
              "Project": "automotive-copilot"
            },
            "unique_id": "AROA42ICVFSKGXV4CCSRQ"
          },
          "sensitive_attributes": [],
          "identity_schema_version": 0,
          "private": "bnVsbA=="
        }
      ]
    },
    {
      "mode": "managed",
      "type": "aws_iam_role_policy",
      "name": "lambda_permissions",
      "provider": "provider[\"registry.terraform.io/hashicorp/aws\"]",
      "instances": [
        {
          "schema_version": 0,
          "attributes": {
            "id": "automotive-copilot-lambda-exec-role:automotive-copilot-lambda-permissions",
            "name": "automotive-copilot-lambda-permissions",
            "name_prefix": "",
            "policy": "{\"Version\":\"2012-10-17\",\"Statement\":[{\"Action\":[\"s3:GetObject\",\"s3:ListBucket\"],\"Effect\":\"Allow\",\"Resource\":[\"arn:aws:s3:::automotive-copilot-vehicle-docs-dev\",\"arn:aws:s3:::automotive-copilot-vehicle-docs-dev/*\"],\"Sid\":\"S3ReadAccess\"},{\"Action\":[\"kms:Decrypt\",\"kms:GenerateDataKey\"],\"Effect\":\"Allow\",\"Resource\":[\"arn:aws:kms:us-east-1:881010748564:key/59572cd0-cbaf-49cc-8de7-21de41d56c19\"],\"Sid\":\"KMSDecrypt\"},{\"Action\":[\"secretsmanager:GetSecretValue\"],\"Effect\":\"Allow\",\"Resource\":[\"arn:aws:secretsmanager:us-east-1:881010748564:secret:automotive-copilot/snowflake-credentials-CFi07O\"],\"Sid\":\"SecretsManagerRead\"},{\"Action\":[\"logs:CreateLogGroup\",\"logs:CreateLogStream\",\"logs:PutLogEvents\"],\"Effect\":\"Allow\",\"Resource\":\"arn:aws:logs:*:*:*\",\"Sid\":\"CloudWatchLogs\"},{\"Action\":[\"sqs:SendMessage\"],\"Effect\":\"Allow\",\"Resource\":[\"arn:aws:sqs:us-east-1:881010748564:automotive-copilot-ingestion-dlq\"],\"Sid\":\"DLQWrite\"}]}",
            "role": "automotive-copilot-lambda-exec-role"
          },
          "sensitive_attributes": [],
          "identity_schema_version": 0,
          "private": "bnVsbA==",
          "dependencies": [
            "aws_iam_role.lambda_exec",
            "aws_kms_key.data_key",
            "aws_s3_bucket.vehicle_docs",
            "aws_secretsmanager_secret.snowflake_creds",
            "aws_sqs_queue.dlq"
          ]
        }
      ]
    },
    {
      "mode": "managed",
      "type": "aws_iam_role_policy",
      "name": "snowflake_s3_read",
      "provider": "provider[\"registry.terraform.io/hashicorp/aws\"]",
      "instances": [
        {
          "schema_version": 0,
          "attributes": {
            "id": "automotive-copilot-snowflake-s3-role:automotive-copilot-snowflake-s3-read",
            "name": "automotive-copilot-snowflake-s3-read",
            "name_prefix": "",
            "policy": "{\"Version\":\"2012-10-17\",\"Statement\":[{\"Action\":[\"s3:GetObject\",\"s3:GetObjectVersion\",\"s3:ListBucket\",\"s3:GetBucketLocation\"],\"Effect\":\"Allow\",\"Resource\":[\"arn:aws:s3:::automotive-copilot-vehicle-docs-dev\",\"arn:aws:s3:::automotive-copilot-vehicle-docs-dev/*\"]},{\"Action\":[\"kms:Decrypt\"],\"Effect\":\"Allow\",\"Resource\":[\"arn:aws:kms:us-east-1:881010748564:key/59572cd0-cbaf-49cc-8de7-21de41d56c19\"]}]}",
            "role": "automotive-copilot-snowflake-s3-role"
          },
          "sensitive_attributes": [],
          "identity_schema_version": 0,
          "private": "bnVsbA==",
          "dependencies": [
            "aws_iam_role.snowflake_s3_access",
            "aws_kms_key.data_key",
            "aws_s3_bucket.vehicle_docs"
          ]
        }
      ]
    },
    {
      "mode": "managed",
      "type": "aws_kms_alias",
      "name": "data_key_alias",
      "provider": "provider[\"registry.terraform.io/hashicorp/aws\"]",
      "instances": [
        {
          "schema_version": 0,
          "attributes": {
            "arn": "arn:aws:kms:us-east-1:881010748564:alias/automotive-copilot-data-key",
            "id": "alias/automotive-copilot-data-key",
            "name": "alias/automotive-copilot-data-key",
            "name_prefix": "",
            "target_key_arn": "arn:aws:kms:us-east-1:881010748564:key/59572cd0-cbaf-49cc-8de7-21de41d56c19",
            "target_key_id": "59572cd0-cbaf-49cc-8de7-21de41d56c19"
          },
          "sensitive_attributes": [],
          "identity_schema_version": 0,
          "private": "bnVsbA==",
          "dependencies": [
            "aws_kms_key.data_key"
          ]
        }
      ]
    },
    {
      "mode": "managed",
      "type": "aws_kms_key",
      "name": "data_key",
      "provider": "provider[\"registry.terraform.io/hashicorp/aws\"]",
      "instances": [
        {
          "schema_version": 0,
          "attributes": {
            "arn": "arn:aws:kms:us-east-1:881010748564:key/59572cd0-cbaf-49cc-8de7-21de41d56c19",
            "bypass_policy_lockout_safety_check": false,
            "custom_key_store_id": "",
            "customer_master_key_spec": "SYMMETRIC_DEFAULT",
            "deletion_window_in_days": 7,
            "description": "CMK for Automotive Copilot data encryption",
            "enable_key_rotation": true,
            "id": "59572cd0-cbaf-49cc-8de7-21de41d56c19",
            "is_enabled": true,
            "key_id": "59572cd0-cbaf-49cc-8de7-21de41d56c19",
            "key_usage": "ENCRYPT_DECRYPT",
            "multi_region": false,
            "policy": "{\"Id\":\"key-default-1\",\"Statement\":[{\"Action\":\"kms:*\",\"Effect\":\"Allow\",\"Principal\":{\"AWS\":\"arn:aws:iam::881010748564:root\"},\"Resource\":\"*\",\"Sid\":\"Enable IAM User Permissions\"}],\"Version\":\"2012-10-17\"}",
            "rotation_period_in_days": 365,
            "tags": {
              "Name": "automotive-copilot-data-key"
            },
            "tags_all": {
              "Environment": "dev",
              "ManagedBy": "terraform",
              "Name": "automotive-copilot-data-key",
              "Owner": "padma.k.kpr@gmail.com",
              "Project": "automotive-copilot"
            },
            "timeouts": null,
            "xks_key_id": ""
          },
          "sensitive_attributes": [],
          "identity_schema_version": 0,
          "private": "eyJlMmJmYjczMC1lY2FhLTExZTYtOGY4OC0zNDM2M2JjN2M0YzAiOnsiY3JlYXRlIjoxMjAwMDAwMDAwMDB9fQ=="
        }
      ]
    },
    {
      "mode": "managed",
      "type": "aws_lambda_function",
      "name": "pdf_ingestor",
      "provider": "provider[\"registry.terraform.io/hashicorp/aws\"]",
      "instances": [
        {
          "schema_version": 0,
          "attributes": {
            "architectures": [
              "x86_64"
            ],
            "arn": "arn:aws:lambda:us-east-1:881010748564:function:automotive-copilot-pdf-ingestor",
            "code_sha256": "6k6paJ+edRTOpJdmeDJupDhNLibjoWZkkCwl7ZFjIsA=",
            "code_signing_config_arn": "",
            "dead_letter_config": [
              {
                "target_arn": "arn:aws:sqs:us-east-1:881010748564:automotive-copilot-ingestion-dlq"
              }
            ],
            "description": "",
            "environment": [
              {
                "variables": {
                  "ENVIRONMENT": "dev",
                  "SNOWFLAKE_SECRET_ARN": "arn:aws:secretsmanager:us-east-1:881010748564:secret:automotive-copilot/snowflake-credentials-CFi07O"
                }
              }
            ],
            "ephemeral_storage": [
              {
                "size": 512
              }
            ],
            "file_system_config": [],
            "filename": "./.build/lambda.zip",
            "function_name": "automotive-copilot-pdf-ingestor",
            "handler": "handler.lambda_handler",
            "id": "automotive-copilot-pdf-ingestor",
            "image_config": [],
            "image_uri": "",
            "invoke_arn": "arn:aws:apigateway:us-east-1:lambda:path/2015-03-31/functions/arn:aws:lambda:us-east-1:881010748564:function:automotive-copilot-pdf-ingestor/invocations",
            "kms_key_arn": "",
            "last_modified": "2026-04-23T04:31:44.958+0000",
            "layers": [],
            "logging_config": [
              {
                "application_log_level": "",
                "log_format": "Text",
                "log_group": "/aws/lambda/automotive-copilot-pdf-ingestor",
                "system_log_level": ""
              }
            ],
            "memory_size": 512,
            "package_type": "Zip",
            "publish": false,
            "qualified_arn": "arn:aws:lambda:us-east-1:881010748564:function:automotive-copilot-pdf-ingestor:$LATEST",
            "qualified_invoke_arn": "arn:aws:apigateway:us-east-1:lambda:path/2015-03-31/functions/arn:aws:lambda:us-east-1:881010748564:function:automotive-copilot-pdf-ingestor:$LATEST/invocations",
            "replace_security_groups_on_destroy": null,
            "replacement_security_group_ids": null,
            "reserved_concurrent_executions": -1,
            "role": "arn:aws:iam::881010748564:role/automotive-copilot-lambda-exec-role",
            "runtime": "python3.11",
            "s3_bucket": null,
            "s3_key": null,
            "s3_object_version": null,
            "signing_job_arn": "",
            "signing_profile_version_arn": "",
            "skip_destroy": false,
            "snap_start": [],
            "source_code_hash": "6k6paJ+edRTOpJdmeDJupDhNLibjoWZkkCwl7ZFjIsA=",
            "source_code_size": 2278,
            "tags": {
              "Name": "automotive-copilot-pdf-ingestor"
            },
            "tags_all": {
              "Environment": "dev",
              "ManagedBy": "terraform",
              "Name": "automotive-copilot-pdf-ingestor",
              "Owner": "padma.k.kpr@gmail.com",
              "Project": "automotive-copilot"
            },
            "timeout": 120,
            "timeouts": null,
            "tracing_config": [
              {
                "mode": "Active"
              }
            ],
            "version": "$LATEST",
            "vpc_config": []
          },
          "sensitive_attributes": [],
          "identity_schema_version": 0,
          "private": "eyJlMmJmYjczMC1lY2FhLTExZTYtOGY4OC0zNDM2M2JjN2M0YzAiOnsiY3JlYXRlIjo2MDAwMDAwMDAwMDAsImRlbGV0ZSI6NjAwMDAwMDAwMDAwLCJ1cGRhdGUiOjYwMDAwMDAwMDAwMH19",
          "dependencies": [
            "aws_iam_role.lambda_exec",
            "aws_kms_key.data_key",
            "aws_secretsmanager_secret.snowflake_creds",
            "aws_sqs_queue.dlq",
            "data.archive_file.lambda_zip"
          ]
        }
      ]
    },
    {
      "mode": "managed",
      "type": "aws_lambda_permission",
      "name": "allow_s3",
      "provider": "provider[\"registry.terraform.io/hashicorp/aws\"]",
      "instances": [
        {
          "schema_version": 0,
          "attributes": {
            "action": "lambda:InvokeFunction",
            "event_source_token": null,
            "function_name": "automotive-copilot-pdf-ingestor",
            "function_url_auth_type": null,
            "id": "AllowS3Invoke",
            "principal": "s3.amazonaws.com",
            "principal_org_id": null,
            "qualifier": "",
            "source_account": null,
            "source_arn": "arn:aws:s3:::automotive-copilot-vehicle-docs-dev",
            "statement_id": "AllowS3Invoke",
            "statement_id_prefix": ""
          },
          "sensitive_attributes": [],
          "identity_schema_version": 0,
          "private": "bnVsbA==",
          "dependencies": [
            "aws_iam_role.lambda_exec",
            "aws_kms_key.data_key",
            "aws_lambda_function.pdf_ingestor",
            "aws_s3_bucket.vehicle_docs",
            "aws_secretsmanager_secret.snowflake_creds",
            "aws_sqs_queue.dlq",
            "data.archive_file.lambda_zip"
          ]
        }
      ]
    },
    {
      "mode": "managed",
      "type": "aws_s3_bucket",
      "name": "vehicle_docs",
      "provider": "provider[\"registry.terraform.io/hashicorp/aws\"]",
      "instances": [
        {
          "schema_version": 0,
          "attributes": {
            "acceleration_status": "",
            "acl": null,
            "arn": "arn:aws:s3:::automotive-copilot-vehicle-docs-dev",
            "bucket": "automotive-copilot-vehicle-docs-dev",
            "bucket_domain_name": "automotive-copilot-vehicle-docs-dev.s3.amazonaws.com",
            "bucket_prefix": "",
            "bucket_regional_domain_name": "automotive-copilot-vehicle-docs-dev.s3.us-east-1.amazonaws.com",
            "cors_rule": [],
            "force_destroy": true,
            "grant": [
              {
                "id": "28e7d7cfe83fdc1b5b5b352f88d58f870762743cae22bcaeb3a423884d210928",
                "permissions": [
                  "FULL_CONTROL"
                ],
                "type": "CanonicalUser",
                "uri": ""
              }
            ],
            "hosted_zone_id": "Z3AQBSTGFYJSTF",
            "id": "automotive-copilot-vehicle-docs-dev",
            "lifecycle_rule": [
              {
                "abort_incomplete_multipart_upload_days": 0,
                "enabled": true,
                "expiration": [],
                "id": "archive-old-docs",
                "noncurrent_version_expiration": [
                  {
                    "days": 30
                  }
                ],
                "noncurrent_version_transition": [],
                "prefix": "",
                "tags": {},
                "transition": [
                  {
                    "date": "",
                    "days": 90,
                    "storage_class": "GLACIER"
                  }
                ]
              }
            ],
            "logging": [],
            "object_lock_configuration": [],
            "object_lock_enabled": false,
            "policy": "",
            "region": "us-east-1",
            "replication_configuration": [],
            "request_payer": "BucketOwner",
            "server_side_encryption_configuration": [
              {
                "rule": [
                  {
                    "apply_server_side_encryption_by_default": [
                      {
                        "kms_master_key_id": "arn:aws:kms:us-east-1:881010748564:key/59572cd0-cbaf-49cc-8de7-21de41d56c19",
                        "sse_algorithm": "aws:kms"
                      }
                    ],
                    "bucket_key_enabled": true
                  }
                ]
              }
            ],
            "tags": {
              "Name": "automotive-copilot-vehicle-docs"
            },
            "tags_all": {
              "Environment": "dev",
              "ManagedBy": "terraform",
              "Name": "automotive-copilot-vehicle-docs",
              "Owner": "padma.k.kpr@gmail.com",
              "Project": "automotive-copilot"
            },
            "timeouts": null,
            "versioning": [
              {
                "enabled": true,
                "mfa_delete": false
              }
            ],
            "website": [],
            "website_domain": null,
            "website_endpoint": null
          },
          "sensitive_attributes": [],
          "identity_schema_version": 0,
          "private": "eyJlMmJmYjczMC1lY2FhLTExZTYtOGY4OC0zNDM2M2JjN2M0YzAiOnsiY3JlYXRlIjoxMjAwMDAwMDAwMDAwLCJkZWxldGUiOjM2MDAwMDAwMDAwMDAsInJlYWQiOjEyMDAwMDAwMDAwMDAsInVwZGF0ZSI6MTIwMDAwMDAwMDAwMH19"
        }
      ]
    },
    {
      "mode": "managed",
      "type": "aws_s3_bucket_lifecycle_configuration",
      "name": "vehicle_docs",
      "provider": "provider[\"registry.terraform.io/hashicorp/aws\"]",
      "instances": [
        {
          "schema_version": 1,
          "attributes": {
            "bucket": "automotive-copilot-vehicle-docs-dev",
            "expected_bucket_owner": "",
            "id": "automotive-copilot-vehicle-docs-dev",
            "rule": [
              {
                "abort_incomplete_multipart_upload": [],
                "expiration": [],
                "filter": [
                  {
                    "and": [],
                    "object_size_greater_than": null,
                    "object_size_less_than": null,
                    "prefix": "",
                    "tag": []
                  }
                ],
                "id": "archive-old-docs",
                "noncurrent_version_expiration": [
                  {
                    "newer_noncurrent_versions": null,
                    "noncurrent_days": 30
                  }
                ],
                "noncurrent_version_transition": [],
                "prefix": "",
                "status": "Enabled",
                "transition": [
                  {
                    "date": null,
                    "days": 90,
                    "storage_class": "GLACIER"
                  }
                ]
              }
            ],
            "timeouts": null,
            "transition_default_minimum_object_size": "all_storage_classes_128K"
          },
          "sensitive_attributes": [],
          "identity_schema_version": 0,
          "dependencies": [
            "aws_s3_bucket.vehicle_docs"
          ]
        }
      ]
    },
    {
      "mode": "managed",
      "type": "aws_s3_bucket_notification",
      "name": "pdf_trigger",
      "provider": "provider[\"registry.terraform.io/hashicorp/aws\"]",
      "instances": [
        {
          "schema_version": 0,
          "attributes": {
            "bucket": "automotive-copilot-vehicle-docs-dev",
            "eventbridge": false,
            "id": "automotive-copilot-vehicle-docs-dev",
            "lambda_function": [
              {
                "events": [
                  "s3:ObjectCreated:*"
                ],
                "filter_prefix": "incoming/",
                "filter_suffix": ".pdf",
                "id": "tf-s3-lambda-20260423043150977300000003",
                "lambda_function_arn": "arn:aws:lambda:us-east-1:881010748564:function:automotive-copilot-pdf-ingestor"
              }
            ],
            "queue": [],
            "topic": []
          },
          "sensitive_attributes": [],
          "identity_schema_version": 0,
          "private": "bnVsbA==",
          "dependencies": [
            "aws_iam_role.lambda_exec",
            "aws_kms_key.data_key",
            "aws_lambda_function.pdf_ingestor",
            "aws_lambda_permission.allow_s3",
            "aws_s3_bucket.vehicle_docs",
            "aws_secretsmanager_secret.snowflake_creds",
            "aws_sqs_queue.dlq",
            "data.archive_file.lambda_zip"
          ]
        }
      ]
    },
    {
      "mode": "managed",
      "type": "aws_s3_bucket_public_access_block",
      "name": "vehicle_docs",
      "provider": "provider[\"registry.terraform.io/hashicorp/aws\"]",
      "instances": [
        {
          "schema_version": 0,
          "attributes": {
            "block_public_acls": true,
            "block_public_policy": true,
            "bucket": "automotive-copilot-vehicle-docs-dev",
            "id": "automotive-copilot-vehicle-docs-dev",
            "ignore_public_acls": true,
            "restrict_public_buckets": true
          },
          "sensitive_attributes": [],
          "identity_schema_version": 0,
          "private": "bnVsbA==",
          "dependencies": [
            "aws_s3_bucket.vehicle_docs"
          ]
        }
      ]
    },
    {
      "mode": "managed",
      "type": "aws_s3_bucket_server_side_encryption_configuration",
      "name": "vehicle_docs",
      "provider": "provider[\"registry.terraform.io/hashicorp/aws\"]",
      "instances": [
        {
          "schema_version": 0,
          "attributes": {
            "bucket": "automotive-copilot-vehicle-docs-dev",
            "expected_bucket_owner": "",
            "id": "automotive-copilot-vehicle-docs-dev",
            "rule": [
              {
                "apply_server_side_encryption_by_default": [
                  {
                    "kms_master_key_id": "arn:aws:kms:us-east-1:881010748564:key/59572cd0-cbaf-49cc-8de7-21de41d56c19",
                    "sse_algorithm": "aws:kms"
                  }
                ],
                "bucket_key_enabled": true
              }
            ]
          },
          "sensitive_attributes": [],
          "identity_schema_version": 0,
          "private": "bnVsbA==",
          "dependencies": [
            "aws_kms_key.data_key",
            "aws_s3_bucket.vehicle_docs"
          ]
        }
      ]
    },
    {
      "mode": "managed",
      "type": "aws_s3_bucket_versioning",
      "name": "vehicle_docs",
      "provider": "provider[\"registry.terraform.io/hashicorp/aws\"]",
      "instances": [
        {
          "schema_version": 0,
          "attributes": {
            "bucket": "automotive-copilot-vehicle-docs-dev",
            "expected_bucket_owner": "",
            "id": "automotive-copilot-vehicle-docs-dev",
            "mfa": null,
            "versioning_configuration": [
              {
                "mfa_delete": "",
                "status": "Enabled"
              }
            ]
          },
          "sensitive_attributes": [],
          "identity_schema_version": 0,
          "private": "bnVsbA==",
          "dependencies": [
            "aws_s3_bucket.vehicle_docs"
          ]
        }
      ]
    },
    {
      "mode": "managed",
      "type": "aws_secretsmanager_secret",
      "name": "snowflake_creds",
      "provider": "provider[\"registry.terraform.io/hashicorp/aws\"]",
      "instances": [
        {
          "schema_version": 0,
          "attributes": {
            "arn": "arn:aws:secretsmanager:us-east-1:881010748564:secret:automotive-copilot/snowflake-credentials-CFi07O",
            "description": "Snowflake connection credentials for the ingestion Lambda",
            "force_overwrite_replica_secret": false,
            "id": "arn:aws:secretsmanager:us-east-1:881010748564:secret:automotive-copilot/snowflake-credentials-CFi07O",
            "kms_key_id": "arn:aws:kms:us-east-1:881010748564:key/59572cd0-cbaf-49cc-8de7-21de41d56c19",
            "name": "automotive-copilot/snowflake-credentials",
            "name_prefix": "",
            "policy": "",
            "recovery_window_in_days": 30,
            "replica": [],
            "tags": {
              "Name": "automotive-copilot-sf-creds"
            },
            "tags_all": {
              "Environment": "dev",
              "ManagedBy": "terraform",
              "Name": "automotive-copilot-sf-creds",
              "Owner": "padma.k.kpr@gmail.com",
              "Project": "automotive-copilot"
            }
          },
          "sensitive_attributes": [],
          "identity_schema_version": 0,
          "private": "bnVsbA==",
          "dependencies": [
            "aws_kms_key.data_key"
          ]
        }
      ]
    },
    {
      "mode": "managed",
      "type": "aws_secretsmanager_secret_version",
      "name": "snowflake_creds",
      "provider": "provider[\"registry.terraform.io/hashicorp/aws\"]",
      "instances": [
        {
          "schema_version": 0,
          "attributes": {
            "arn": "arn:aws:secretsmanager:us-east-1:881010748564:secret:automotive-copilot/snowflake-credentials-CFi07O",
            "has_secret_string_wo": null,
            "id": "arn:aws:secretsmanager:us-east-1:881010748564:secret:automotive-copilot/snowflake-credentials-CFi07O|terraform-20260423043110140200000002",
            "secret_binary": "",
            "secret_id": "arn:aws:secretsmanager:us-east-1:881010748564:secret:automotive-copilot/snowflake-credentials-CFi07O",
            "secret_string": "{\"account\":\"your_account_identifier\",\"database\":\"AI_PROJECT_DB\",\"password\":\"Your_Snowflake_Password\",\"role\":\"CORTEX_DEV_ROLE\",\"schema\":\"STAGING\",\"user\":\"TESTUSER1236\",\"warehouse\":\"AI_PROJECT_WH\"}",
            "secret_string_wo": null,
            "secret_string_wo_version": null,
            "version_id": "terraform-20260423043110140200000002",
            "version_stages": [
              "AWSCURRENT"
            ]
          },
          "sensitive_attributes": [
            [
              {
                "type": "get_attr",
                "value": "secret_binary"
              }
            ],
            [
              {
                "type": "get_attr",
                "value": "secret_string"
              }
            ],
            [
              {
                "type": "get_attr",
                "value": "secret_string_wo"
              }
            ]
          ],
          "identity_schema_version": 0,
          "private": "bnVsbA==",
          "dependencies": [
            "aws_kms_key.data_key",
            "aws_secretsmanager_secret.snowflake_creds"
          ]
        }
      ]
    },
    {
      "mode": "managed",
      "type": "aws_sqs_queue",
      "name": "dlq",
      "provider": "provider[\"registry.terraform.io/hashicorp/aws\"]",
      "instances": [
        {
          "schema_version": 0,
          "attributes": {
            "arn": "arn:aws:sqs:us-east-1:881010748564:automotive-copilot-ingestion-dlq",
            "content_based_deduplication": false,
            "deduplication_scope": "",
            "delay_seconds": 0,
            "fifo_queue": false,
            "fifo_throughput_limit": "",
            "id": "https://sqs.us-east-1.amazonaws.com/881010748564/automotive-copilot-ingestion-dlq",
            "kms_data_key_reuse_period_seconds": 300,
            "kms_master_key_id": "59572cd0-cbaf-49cc-8de7-21de41d56c19",
            "max_message_size": 262144,
            "message_retention_seconds": 1209600,
            "name": "automotive-copilot-ingestion-dlq",
            "name_prefix": "",
            "policy": "",
            "receive_wait_time_seconds": 0,
            "redrive_allow_policy": "",
            "redrive_policy": "",
            "sqs_managed_sse_enabled": false,
            "tags": {
              "Name": "automotive-copilot-dlq"
            },
            "tags_all": {
              "Environment": "dev",
              "ManagedBy": "terraform",
              "Name": "automotive-copilot-dlq",
              "Owner": "padma.k.kpr@gmail.com",
              "Project": "automotive-copilot"
            },
            "timeouts": null,
            "url": "https://sqs.us-east-1.amazonaws.com/881010748564/automotive-copilot-ingestion-dlq",
            "visibility_timeout_seconds": 30
          },
          "sensitive_attributes": [],
          "identity_schema_version": 0,
          "private": "eyJlMmJmYjczMC1lY2FhLTExZTYtOGY4OC0zNDM2M2JjN2M0YzAiOnsiY3JlYXRlIjoxODAwMDAwMDAwMDAsImRlbGV0ZSI6MTgwMDAwMDAwMDAwLCJ1cGRhdGUiOjE4MDAwMDAwMDAwMH19",
          "dependencies": [
            "aws_kms_key.data_key"
          ]
        }
      ]
    }
  ],
  "check_results": [
    {
      "object_kind": "var",
      "config_addr": "var.environment",
      "status": "pass",
      "objects": [
        {
          "object_addr": "var.environment",
          "status": "pass"
        }
      ]
    }
  ]
}
